
Microsoft Visual Studio Solution File, Format Version 12.00
# Visual Studio Version 16
VisualStudioVersion = 16.0.31624.102
MinimumVisualStudioVersion = 10.0.40219.1
Project("{888888A0-9F3D-457C-B088-3A5042F75D52}") = "MR_1", "MR_1\MR_1.pyproj", "{18D3D663-DF8A-490F-8767-677E0CD5DAA8}"
EndProject
Global
	GlobalSection(SolutionConfigurationPlatforms) = preSolution
		Debug|Any CPU = Debug|Any CPU
		Release|Any CPU = Release|Any CPU
	EndGlobalSection
	GlobalSection(ProjectConfigurationPlatforms) = postSolution
		{18D3D663-DF8A-490F-8767-677E0CD5DAA8}.Debug|Any CPU.ActiveCfg = Debug|Any CPU
		{18D3D663-DF8A-490F-8767-677E0CD5DAA8}.Release|Any CPU.ActiveCfg = Release|Any CPU
	EndGlobalSection
	GlobalSection(SolutionProperties) = preSolution
		HideSolutionNode = FALSE
	EndGlobalSection
	GlobalSection(ExtensibilityGlobals) = postSolution
		SolutionGuid = {D96E5A00-9D5C-4D86-98A6-E716A835E06A}
	EndGlobalSection
EndGlobal
