
Microsoft Visual Studio Solution File, Format Version 12.00
# Visual Studio Version 16
VisualStudioVersion = 16.0.31624.102
MinimumVisualStudioVersion = 10.0.40219.1
Project("{888888A0-9F3D-457C-B088-3A5042F75D52}") = "WriteData", "WriteData\WriteData.pyproj", "{599E8B3C-31C4-45F6-9FEF-AEB7DFF9B96E}"
EndProject
Global
	GlobalSection(SolutionConfigurationPlatforms) = preSolution
		Debug|Any CPU = Debug|Any CPU
		Release|Any CPU = Release|Any CPU
	EndGlobalSection
	GlobalSection(ProjectConfigurationPlatforms) = postSolution
		{599E8B3C-31C4-45F6-9FEF-AEB7DFF9B96E}.Debug|Any CPU.ActiveCfg = Debug|Any CPU
		{599E8B3C-31C4-45F6-9FEF-AEB7DFF9B96E}.Release|Any CPU.ActiveCfg = Release|Any CPU
	EndGlobalSection
	GlobalSection(SolutionProperties) = preSolution
		HideSolutionNode = FALSE
	EndGlobalSection
	GlobalSection(ExtensibilityGlobals) = postSolution
		SolutionGuid = {8582CF63-AE77-4EF9-A6A3-C278A66D50F0}
	EndGlobalSection
EndGlobal
